name: Debate Composite
type: debate_composite
category: agents
description: Multi-agent debate using composable sub-blocks (pessimist + optimist → judge)
version: "1.0.0"
composite: true

inputs:
  - id: llm
    label: LLM
    data_type: llm
    required: false
    description: "LLM config from llm_inference or model info from model_selector"
  - id: model
    label: Model
    data_type: model
    required: false
    description: "Direct model connection (alternative to LLM port)"
  - id: input
    label: Debate Topic
    data_type: text
    required: true

outputs:
  - id: consensus
    label: Consensus
    data_type: text
    description: "Final judge synthesis after all debate rounds"
config:
  topic:
    type: text_area
    label: Debate Topic
    default: ""
    description: "Topic for debate (used when input port not connected)"
  model_name:
    type: string
    label: Model
    default: ""
    description: "Model name for all debate agents. Overridden by connected LLM block."
  rounds:
    type: integer
    label: Debate Rounds
    default: 3
    min: 1
    max: 10

side_inputs:
  - id: _loop
    label: Loop
    data_type: any
    required: false
